// !$*UTF8*$!
{
	archiveVersion = 1;
	classes = {
	};
	objectVersion = 56;
	objects = {

/* Begin PBXBuildFile section */
		02EE37F32995C6C20080C44E /* AppDelegate.swift in Sources */ = {isa = PBXBuildFile; fileRef = 02EE37F22995C6C20080C44E /* AppDelegate.swift */; };
		02EE37F52995C6C20080C44E /* SceneDelegate.swift in Sources */ = {isa = PBXBuildFile; fileRef = 02EE37F42995C6C20080C44E /* SceneDelegate.swift */; };
		02EE37F72995C6C20080C44E /* ViewController.swift in Sources */ = {isa = PBXBuildFile; fileRef = 02EE37F62995C6C20080C44E /* ViewController.swift */; };
		02EE37FA2995C6C20080C44E /* Main.storyboard in Resources */ = {isa = PBXBuildFile; fileRef = 02EE37F82995C6C20080C44E /* Main.storyboard */; };
		02EE37FC2995C6C70080C44E /* Assets.xcassets in Resources */ = {isa = PBXBuildFile; fileRef = 02EE37FB2995C6C70080C44E /* Assets.xcassets */; };
		02EE37FF2995C6C70080C44E /* LaunchScreen.storyboard in Resources */ = {isa = PBXBuildFile; fileRef = 02EE37FD2995C6C70080C44E /* LaunchScreen.storyboard */; };
		02EE380A2995C6C70080C44E /* TableViewHWTests.swift in Sources */ = {isa = PBXBuildFile; fileRef = 02EE38092995C6C70080C44E /* TableViewHWTests.swift */; };
		02EE38142995C6C70080C44E /* TableViewHWUITests.swift in Sources */ = {isa = PBXBuildFile; fileRef = 02EE38132995C6C70080C44E /* TableViewHWUITests.swift */; };
		02EE38162995C6C70080C44E /* TableViewHWUITestsLaunchTests.swift in Sources */ = {isa = PBXBuildFile; fileRef = 02EE38152995C6C70080C44E /* TableViewHWUITestsLaunchTests.swift */; };
/* End PBXBuildFile section */

/* Begin PBXContainerItemProxy section */
		02EE38062995C6C70080C44E /* PBXContainerItemProxy */ = {
			isa = PBXContainerItemProxy;
			containerPortal = 02EE37E72995C6C20080C44E /* Project object */;
			proxyType = 1;
			remoteGlobalIDString = 02EE37EE2995C6C20080C44E;
			remoteInfo = TableViewHW;
		};
		02EE38102995C6C70080C44E /* PBXContainerItemProxy */ = {
			isa = PBXContainerItemProxy;
			containerPortal = 02EE37E72995C6C20080C44E /* Project object */;
			proxyType = 1;
			remoteGlobalIDString = 02EE37EE2995C6C20080C44E;
			remoteInfo = TableViewHW;
		};
/* End PBXContainerItemProxy section */

/* Begin PBXFileReference section */
		02EE37EF2995C6C20080C44E /* TableViewHW.app */ = {isa = PBXFileReference; explicitFileType = wrapper.application; includeInIndex = 0; path = TableViewHW.app; sourceTree = BUILT_PRODUCTS_DIR; };
		02EE37F22995C6C20080C44E /* AppDelegate.swift */ = {isa = PBXFileReference; lastKnownFileType = sourcecode.swift; path = AppDelegate.swift; sourceTree = "<group>"; };
		02EE37F42995C6C20080C44E /* SceneDelegate.swift */ = {isa = PBXFileReference; lastKnownFileType = sourcecode.swift; path = SceneDelegate.swift; sourceTree = "<group>"; };
		02EE37F62995C6C20080C44E /* ViewController.swift */ = {isa = PBXFileReference; lastKnownFileType = sourcecode.swift; path = ViewController.swift; sourceTree = "<group>"; };
		02EE37F92995C6C20080C44E /* Base */ = {isa = PBXFileReference; lastKnownFileType = file.storyboard; name = Base; path = Base.lproj/Main.storyboard; sourceTree = "<group>"; };
		02EE37FB2995C6C70080C44E /* Assets.xcassets */ = {isa = PBXFileReference; lastKnownFileType = folder.assetcatalog; path = Assets.xcassets; sourceTree = "<group>"; };
		02EE37FE2995C6C70080C44E /* Base */ = {isa = PBXFileReference; lastKnownFileType = file.storyboard; name = Base; path = Base.lproj/LaunchScreen.storyboard; sourceTree = "<group>"; };
		02EE38002995C6C70080C44E /* Info.plist */ = {isa = PBXFileReference; lastKnownFileType = text.plist.xml; path = Info.plist; sourceTree = "<group>"; };
		02EE38052995C6C70080C44E /* TableViewHWTests.xctest */ = {isa = PBXFileReference; explicitFileType = wrapper.cfbundle; includeInIndex = 0; path = TableViewHWTests.xctest; sourceTree = BUILT_PRODUCTS_DIR; };
		02EE38092995C6C70080C44E /* TableViewHWTests.swift */ = {isa = PBXFileReference; lastKnownFileType = sourcecode.swift; path = TableViewHWTests.swift; sourceTree = "<group>"; };
		02EE380F2995C6C70080C44E /* TableViewHWUITests.xctest */ = {isa = PBXFileReference; explicitFileType = wrapper.cfbundle; includeInIndex = 0; path = TableViewHWUITests.xctest; sourceTree = BUILT_PRODUCTS_DIR; };
		02EE38132995C6C70080C44E /* TableViewHWUITests.swift */ = {isa = PBXFileReference; lastKnownFileType = sourcecode.swift; path = TableViewHWUITests.swift; sourceTree = "<group>"; };
		02EE38152995C6C70080C44E /* TableViewHWUITestsLaunchTests.swift */ = {isa = PBXFileReference; lastKnownFileType = sourcecode.swift; path = TableViewHWUITestsLaunchTests.swift; sourceTree = "<group>"; };
/* End PBXFileReference section */

/* Begin PBXFrameworksBuildPhase section */
		02EE37EC2995C6C20080C44E /* Frameworks */ = {
			isa = PBXFrameworksBuildPhase;
			buildActionMask = 2147483647;
			files = (
			);
			runOnlyForDeploymentPostprocessing = 0;
		};
		02EE38022995C6C70080C44E /* Frameworks */ = {
			isa = PBXFrameworksBuildPhase;
			buildActionMask = 2147483647;
			files = (
			);
			runOnlyForDeploymentPostprocessing = 0;
		};
		02EE380C2995C6C70080C44E /* Frameworks */ = {
			isa = PBXFrameworksBuildPhase;
			buildActionMask = 2147483647;
			files = (
			);
			runOnlyForDeploymentPostprocessing = 0;
		};
/* End PBXFrameworksBuildPhase section */

/* Begin PBXGroup section */
		02EE37E62995C6C20080C44E = {
			isa = PBXGroup;
			children = (
				02EE37F12995C6C20080C44E /* TableViewHW */,
				02EE38082995C6C70080C44E /* TableViewHWTests */,
				02EE38122995C6C70080C44E /* TableViewHWUITests */,
				02EE37F02995C6C20080C44E /* Products */,
			);
			sourceTree = "<group>";
		};
		02EE37F02995C6C20080C44E /* Products */ = {
			isa = PBXGroup;
			children = (
				02EE37EF2995C6C20080C44E /* TableViewHW.app */,
				02EE38052995C6C70080C44E /* TableViewHWTests.xctest */,
				02EE380F2995C6C70080C44E /* TableViewHWUITests.xctest */,
			);
			name = Products;
			sourceTree = "<group>";
		};
		02EE37F12995C6C20080C44E /* TableViewHW */ = {
			isa = PBXGroup;
			children = (
				02EE37F22995C6C20080C44E /* AppDelegate.swift */,
				02EE37F42995C6C20080C44E /* SceneDelegate.swift */,
				02EE37F62995C6C20080C44E /* ViewController.swift */,
				02EE37F82995C6C20080C44E /* Main.storyboard */,
				02EE37FB2995C6C70080C44E /* Assets.xcassets */,
				02EE37FD2995C6C70080C44E /* LaunchScreen.storyboard */,
				02EE38002995C6C70080C44E /* Info.plist */,
			);
			path = TableViewHW;
			sourceTree = "<group>";
		};
		02EE38082995C6C70080C44E /* TableViewHWTests */ = {
			isa = PBXGroup;
			children = (
				02EE38092995C6C70080C44E /* TableViewHWTests.swift */,
			);
			path = TableViewHWTests;
			sourceTree = "<group>";
		};
		02EE38122995C6C70080C44E /* TableViewHWUITests */ = {
			isa = PBXGroup;
			children = (
				02EE38132995C6C70080C44E /* TableViewHWUITests.swift */,
				02EE38152995C6C70080C44E /* TableViewHWUITestsLaunchTests.swift */,
			);
			path = TableViewHWUITests;
			sourceTree = "<group>";
		};
/* End PBXGroup section */

/* Begin PBXNativeTarget section */
		02EE37EE2995C6C20080C44E /* TableViewHW */ = {
			isa = PBXNativeTarget;
			buildConfigurationList = 02EE38192995C6C70080C44E /* Build configuration list for PBXNativeTarget "TableViewHW" */;
			buildPhases = (
				02EE37EB2995C6C20080C44E /* Sources */,
				02EE37EC2995C6C20080C44E /* Frameworks */,
				02EE37ED2995C6C20080C44E /* Resources */,
			);
			buildRules = (
			);
			dependencies = (
			);
			name = TableViewHW;
			productName = TableViewHW;
			productReference = 02EE37EF2995C6C20080C44E /* TableViewHW.app */;
			productType = "com.apple.product-type.application";
		};
		02EE38042995C6C70080C44E /* TableViewHWTests */ = {
			isa = PBXNativeTarget;
			buildConfigurationList = 02EE381C2995C6C70080C44E /* Build configuration list for PBXNativeTarget "TableViewHWTests" */;
			buildPhases = (
				02EE38012995C6C70080C44E /* Sources */,
				02EE38022995C6C70080C44E /* Frameworks */,
				02EE38032995C6C70080C44E /* Resources */,
			);
			buildRules = (
			);
			dependencies = (
				02EE38072995C6C70080C44E /* PBXTargetDependency */,
			);
			name = TableViewHWTests;
			productName = TableViewHWTests;
			productReference = 02EE38052995C6C70080C44E /* TableViewHWTests.xctest */;
			productType = "com.apple.product-type.bundle.unit-test";
		};
		02EE380E2995C6C70080C44E /* TableViewHWUITests */ = {
			isa = PBXNativeTarget;
			buildConfigurationList = 02EE381F2995C6C70080C44E /* Build configuration list for PBXNativeTarget "TableViewHWUITests" */;
			buildPhases = (
				02EE380B2995C6C70080C44E /* Sources */,
				02EE380C2995C6C70080C44E /* Frameworks */,
				02EE380D2995C6C70080C44E /* Resources */,
			);
			buildRules = (
			);
			dependencies = (
				02EE38112995C6C70080C44E /* PBXTargetDependency */,
			);
			name = TableViewHWUITests;
			productName = TableViewHWUITests;
			productReference = 02EE380F2995C6C70080C44E /* TableViewHWUITests.xctest */;
			productType = "com.apple.product-type.bundle.ui-testing";
		};
/* End PBXNativeTarget section */

/* Begin PBXProject section */
		02EE37E72995C6C20080C44E /* Project object */ = {
			isa = PBXProject;
			attributes = {
				BuildIndependentTargetsInParallel = 1;
				LastSwiftUpdateCheck = 1420;
				LastUpgradeCheck = 1420;
				TargetAttributes = {
					02EE37EE2995C6C20080C44E = {
						CreatedOnToolsVersion = 14.2;
					};
					02EE38042995C6C70080C44E = {
						CreatedOnToolsVersion = 14.2;
						TestTargetID = 02EE37EE2995C6C20080C44E;
					};
					02EE380E2995C6C70080C44E = {
						CreatedOnToolsVersion = 14.2;
						TestTargetID = 02EE37EE2995C6C20080C44E;
					};
				};
			};
			buildConfigurationList = 02EE37EA2995C6C20080C44E /* Build configuration list for PBXProject "TableViewHW" */;
			compatibilityVersion = "Xcode 14.0";
			developmentRegion = en;
			hasScannedForEncodings = 0;
			knownRegions = (
				en,
				Base,
			);
			mainGroup = 02EE37E62995C6C20080C44E;
			productRefGroup = 02EE37F02995C6C20080C44E /* Products */;
			projectDirPath = "";
			projectRoot = "";
			targets = (
				02EE37EE2995C6C20080C44E /* TableViewHW */,
				02EE38042995C6C70080C44E /* TableViewHWTests */,
				02EE380E2995C6C70080C44E /* TableViewHWUITests */,
			);
		};
/* End PBXProject section */

/* Begin PBXResourcesBuildPhase section */
		02EE37ED2995C6C20080C44E /* Resources */ = {
			isa = PBXResourcesBuildPhase;
			buildActionMask = 2147483647;
			files = (
				02EE37FF2995C6C70080C44E /* LaunchScreen.storyboard in Resources */,
				02EE37FC2995C6C70080C44E /* Assets.xcassets in Resources */,
				02EE37FA2995C6C20080C44E /* Main.storyboard in Resources */,
			);
			runOnlyForDeploymentPostprocessing = 0;
		};
		02EE38032995C6C70080C44E /* Resources */ = {
			isa = PBXResourcesBuildPhase;
			buildActionMask = 2147483647;
			files = (
			);
			runOnlyForDeploymentPostprocessing = 0;
		};
		02EE380D2995C6C70080C44E /* Resources */ = {
			isa = PBXResourcesBuildPhase;
			buildActionMask = 2147483647;
			files = (
			);
			runOnlyForDeploymentPostprocessing = 0;
		};
/* End PBXResourcesBuildPhase section */

/* Begin PBXSourcesBuildPhase section */
		02EE37EB2995C6C20080C44E /* Sources */ = {
			isa = PBXSourcesBuildPhase;
			buildActionMask = 2147483647;
			files = (
				02EE37F72995C6C20080C44E /* ViewController.swift in Sources */,
				02EE37F32995C6C20080C44E /* AppDelegate.swift in Sources */,
				02EE37F52995C6C20080C44E /* SceneDelegate.swift in Sources */,
			);
			runOnlyForDeploymentPostprocessing = 0;
		};
		02EE38012995C6C70080C44E /* Sources */ = {
			isa = PBXSourcesBuildPhase;
			buildActionMask = 2147483647;
			files = (
				02EE380A2995C6C70080C44E /* TableViewHWTests.swift in Sources */,
			);
			runOnlyForDeploymentPostprocessing = 0;
		};
		02EE380B2995C6C70080C44E /* Sources */ = {
			isa = PBXSourcesBuildPhase;
			buildActionMask = 2147483647;
			files = (
				02EE38142995C6C70080C44E /* TableViewHWUITests.swift in Sources */,
				02EE38162995C6C70080C44E /* TableViewHWUITestsLaunchTests.swift in Sources */,
			);
			runOnlyForDeploymentPostprocessing = 0;
		};
/* End PBXSourcesBuildPhase section */

/* Begin PBXTargetDependency section */
		02EE38072995C6C70080C44E /* PBXTargetDependency */ = {
			isa = PBXTargetDependency;
			target = 02EE37EE2995C6C20080C44E /* TableViewHW */;
			targetProxy = 02EE38062995C6C70080C44E /* PBXContainerItemProxy */;
		};
		02EE38112995C6C70080C44E /* PBXTargetDependency */ = {
			isa = PBXTargetDependency;
			target = 02EE37EE2995C6C20080C44E /* TableViewHW */;
			targetProxy = 02EE38102995C6C70080C44E /* PBXContainerItemProxy */;
		};
/* End PBXTargetDependency section */

/* Begin PBXVariantGroup section */
		02EE37F82995C6C20080C44E /* Main.storyboard */ = {
			isa = PBXVariantGroup;
			children = (
				02EE37F92995C6C20080C44E /* Base */,
			);
			name = Main.storyboard;
			sourceTree = "<group>";
		};
		02EE37FD2995C6C70080C44E /* LaunchScreen.storyboard */ = {
			isa = PBXVariantGroup;
			children = (
				02EE37FE2995C6C70080C44E /* Base */,
			);
			name = LaunchScreen.storyboard;
			sourceTree = "<group>";
		};
/* End PBXVariantGroup section */

/* Begin XCBuildConfiguration section */
		02EE38172995C6C70080C44E /* Debug */ = {
			isa = XCBuildConfiguration;
			buildSettings = {
				ALWAYS_SEARCH_USER_PATHS = NO;
				CLANG_ANALYZER_NONNULL = YES;
				CLANG_ANALYZER_NUMBER_OBJECT_CONVERSION = YES_AGGRESSIVE;
				CLANG_CXX_LANGUAGE_STANDARD = "gnu++20";
				CLANG_ENABLE_MODULES = YES;
				CLANG_ENABLE_OBJC_ARC = YES;
				CLANG_ENABLE_OBJC_WEAK = YES;
				CLANG_WARN_BLOCK_CAPTURE_AUTORELEASING = YES;
				CLANG_WARN_BOOL_CONVERSION = YES;
				CLANG_WARN_COMMA = YES;
				CLANG_WARN_CONSTANT_CONVERSION = YES;
				CLANG_WARN_DEPRECATED_OBJC_IMPLEMENTATIONS = YES;
				CLANG_WARN_DIRECT_OBJC_ISA_USAGE = YES_ERROR;
				CLANG_WARN_DOCUMENTATION_COMMENTS = YES;
				CLANG_WARN_EMPTY_BODY = YES;
				CLANG_WARN_ENUM_CONVERSION = YES;
				CLANG_WARN_INFINITE_RECURSION = YES;
				CLANG_WARN_INT_CONVERSION = YES;
				CLANG_WARN_NON_LITERAL_NULL_CONVERSION = YES;
				CLANG_WARN_OBJC_IMPLICIT_RETAIN_SELF = YES;
				CLANG_WARN_OBJC_LITERAL_CONVERSION = YES;
				CLANG_WARN_OBJC_ROOT_CLASS = YES_ERROR;
				CLANG_WARN_QUOTED_INCLUDE_IN_FRAMEWORK_HEADER = YES;
				CLANG_WARN_RANGE_LOOP_ANALYSIS = YES;
				CLANG_WARN_STRICT_PROTOTYPES = YES;
				CLANG_WARN_SUSPICIOUS_MOVE = YES;
				CLANG_WARN_UNGUARDED_AVAILABILITY = YES_AGGRESSIVE;
				CLANG_WARN_UNREACHABLE_CODE = YES;
				CLANG_WARN__DUPLICATE_METHOD_MATCH = YES;
				COPY_PHASE_STRIP = NO;
				DEBUG_INFORMATION_FORMAT = dwarf;
				ENABLE_STRICT_OBJC_MSGSEND = YES;
				ENABLE_TESTABILITY = YES;
				GCC_C_LANGUAGE_STANDARD = gnu11;
				GCC_DYNAMIC_NO_PIC = NO;
				GCC_NO_COMMON_BLOCKS = YES;
				GCC_OPTIMIZATION_LEVEL = 0;
				GCC_PREPROCESSOR_DEFINITIONS = (
					"DEBUG=1",
					"$(inherited)",
				);
				GCC_WARN_64_TO_32_BIT_CONVERSION = YES;
				GCC_WARN_ABOUT_RETURN_TYPE = YES_ERROR;
				GCC_WARN_UNDECLARED_SELECTOR = YES;
				GCC_WARN_UNINITIALIZED_AUTOS = YES_AGGRESSIVE;
				GCC_WARN_UNUSED_FUNCTION = YES;
				GCC_WARN_UNUSED_VARIABLE = YES;
				IPHONEOS_DEPLOYMENT_TARGET = 16.2;
				MTL_ENABLE_DEBUG_INFO = INCLUDE_SOURCE;
				MTL_FAST_MATH = YES;
				ONLY_ACTIVE_ARCH = YES;
				SDKROOT = iphoneos;
				SWIFT_ACTIVE_COMPILATION_CONDITIONS = DEBUG;
				SWIFT_OPTIMIZATION_LEVEL = "-Onone";
			};
			name = Debug;
		};
		02EE38182995C6C70080C44E /* Release */ = {
			isa = XCBuildConfiguration;
			buildSettings = {
				ALWAYS_SEARCH_USER_PATHS = NO;
				CLANG_ANALYZER_NONNULL = YES;
				CLANG_ANALYZER_NUMBER_OBJECT_CONVERSION = YES_AGGRESSIVE;
				CLANG_CXX_LANGUAGE_STANDARD = "gnu++20";
				CLANG_ENABLE_MODULES = YES;
				CLANG_ENABLE_OBJC_ARC = YES;
				CLANG_ENABLE_OBJC_WEAK = YES;
				CLANG_WARN_BLOCK_CAPTURE_AUTORELEASING = YES;
				CLANG_WARN_BOOL_CONVERSION = YES;
				CLANG_WARN_COMMA = YES;
				CLANG_WARN_CONSTANT_CONVERSION = YES;
				CLANG_WARN_DEPRECATED_OBJC_IMPLEMENTATIONS = YES;
				CLANG_WARN_DIRECT_OBJC_ISA_USAGE = YES_ERROR;
				CLANG_WARN_DOCUMENTATION_COMMENTS = YES;
				CLANG_WARN_EMPTY_BODY = YES;
				CLANG_WARN_ENUM_CONVERSION = YES;
				CLANG_WARN_INFINITE_RECURSION = YES;
				CLANG_WARN_INT_CONVERSION = YES;
				CLANG_WARN_NON_LITERAL_NULL_CONVERSION = YES;
				CLANG_WARN_OBJC_IMPLICIT_RETAIN_SELF = YES;
				CLANG_WARN_OBJC_LITERAL_CONVERSION = YES;
				CLANG_WARN_OBJC_ROOT_CLASS = YES_ERROR;
				CLANG_WARN_QUOTED_INCLUDE_IN_FRAMEWORK_HEADER = YES;
				CLANG_WARN_RANGE_LOOP_ANALYSIS = YES;
				CLANG_WARN_STRICT_PROTOTYPES = YES;
				CLANG_WARN_SUSPICIOUS_MOVE = YES;
				CLANG_WARN_UNGUARDED_AVAILABILITY = YES_AGGRESSIVE;
				CLANG_WARN_UNREACHABLE_CODE = YES;
				CLANG_WARN__DUPLICATE_METHOD_MATCH = YES;
				COPY_PHASE_STRIP = NO;
				DEBUG_INFORMATION_FORMAT = "dwarf-with-dsym";
				ENABLE_NS_ASSERTIONS = NO;
				ENABLE_STRICT_OBJC_MSGSEND = YES;
				GCC_C_LANGUAGE_STANDARD = gnu11;
				GCC_NO_COMMON_BLOCKS = YES;
				GCC_WARN_64_TO_32_BIT_CONVERSION = YES;
				GCC_WARN_ABOUT_RETURN_TYPE = YES_ERROR;
				GCC_WARN_UNDECLARED_SELECTOR = YES;
				GCC_WARN_UNINITIALIZED_AUTOS = YES_AGGRESSIVE;
				GCC_WARN_UNUSED_FUNCTION = YES;
				GCC_WARN_UNUSED_VARIABLE = YES;
				IPHONEOS_DEPLOYMENT_TARGET = 16.2;
				MTL_ENABLE_DEBUG_INFO = NO;
				MTL_FAST_MATH = YES;
				SDKROOT = iphoneos;
				SWIFT_COMPILATION_MODE = wholemodule;
				SWIFT_OPTIMIZATION_LEVEL = "-O";
				VALIDATE_PRODUCT = YES;
			};
			name = Release;
		};
		02EE381A2995C6C70080C44E /* Debug */ = {
			isa = XCBuildConfiguration;
			buildSettings = {
				ASSETCATALOG_COMPILER_APPICON_NAME = AppIcon;
				ASSETCATALOG_COMPILER_GLOBAL_ACCENT_COLOR_NAME = AccentColor;
				CODE_SIGN_STYLE = Automatic;
				CURRENT_PROJECT_VERSION = 1;
				DEVELOPMENT_TEAM = LY52JA5JFF;
				GENERATE_INFOPLIST_FILE = YES;
				INFOPLIST_FILE = TableViewHW/Info.plist;
				INFOPLIST_KEY_UIApplicationSupportsIndirectInputEvents = YES;
				INFOPLIST_KEY_UILaunchStoryboardName = LaunchScreen;
				INFOPLIST_KEY_UIMainStoryboardFile = Main;
				INFOPLIST_KEY_UISupportedInterfaceOrientations_iPad = "UIInterfaceOrientationPortrait UIInterfaceOrientationPortraitUpsideDown UIInterfaceOrientationLandscapeLeft UIInterfaceOrientationLandscapeRight";
				INFOPLIST_KEY_UISupportedInterfaceOrientations_iPhone = "UIInterfaceOrientationPortrait UIInterfaceOrientationLandscapeLeft UIInterfaceOrientationLandscapeRight";
				LD_RUNPATH_SEARCH_PATHS = (
					"$(inherited)",
					"@executable_path/Frameworks",
				);
				MARKETING_VERSION = 1.0;
				PRODUCT_BUNDLE_IDENTIFIER = com.AlexanderAdegbenro.TableViewHW;
				PRODUCT_NAME = "$(TARGET_NAME)";
				SWIFT_EMIT_LOC_STRINGS = YES;
				SWIFT_VERSION = 5.0;
				TARGETED_DEVICE_FAMILY = "1,2";
			};
			name = Debug;
		};
		02EE381B2995C6C70080C44E /* Release */ = {
			isa = XCBuildConfiguration;
			buildSettings = {
				ASSETCATALOG_COMPILER_APPICON_NAME = AppIcon;
				ASSETCATALOG_COMPILER_GLOBAL_ACCENT_COLOR_NAME = AccentColor;
				CODE_SIGN_STYLE = Automatic;
				CURRENT_PROJECT_VERSION = 1;
				DEVELOPMENT_TEAM = LY52JA5JFF;
				GENERATE_INFOPLIST_FILE = YES;
				INFOPLIST_FILE = TableViewHW/Info.plist;
				INFOPLIST_KEY_UIApplicationSupportsIndirectInputEvents = YES;
				INFOPLIST_KEY_UILaunchStoryboardName = LaunchScreen;
				INFOPLIST_KEY_UIMainStoryboardFile = Main;
				INFOPLIST_KEY_UISupportedInterfaceOrientations_iPad = "UIInterfaceOrientationPortrait UIInterfaceOrientationPortraitUpsideDown UIInterfaceOrientationLandscapeLeft UIInterfaceOrientationLandscapeRight";
				INFOPLIST_KEY_UISupportedInterfaceOrientations_iPhone = "UIInterfaceOrientationPortrait UIInterfaceOrientationLandscapeLeft UIInterfaceOrientationLandscapeRight";
				LD_RUNPATH_SEARCH_PATHS = (
					"$(inherited)",
					"@executable_path/Frameworks",
				);
				MARKETING_VERSION = 1.0;
				PRODUCT_BUNDLE_IDENTIFIER = com.AlexanderAdegbenro.TableViewHW;
				PRODUCT_NAME = "$(TARGET_NAME)";
				SWIFT_EMIT_LOC_STRINGS = YES;
				SWIFT_VERSION = 5.0;
				TARGETED_DEVICE_FAMILY = "1,2";
			};
			name = Release;
		};
		02EE381D2995C6C70080C44E /* Debug */ = {
			isa = XCBuildConfiguration;
			buildSettings = {
				ALWAYS_EMBED_SWIFT_STANDARD_LIBRARIES = YES;
				BUNDLE_LOADER = "$(TEST_HOST)";
				CODE_SIGN_STYLE = Automatic;
				CURRENT_PROJECT_VERSION = 1;
				DEVELOPMENT_TEAM = LY52JA5JFF;
				GENERATE_INFOPLIST_FILE = YES;
				IPHONEOS_DEPLOYMENT_TARGET = 16.2;
				MARKETING_VERSION = 1.0;
				PRODUCT_BUNDLE_IDENTIFIER = com.AlexanderAdegbenro.TableViewHWTests;
				PRODUCT_NAME = "$(TARGET_NAME)";
				SWIFT_EMIT_LOC_STRINGS = NO;
				SWIFT_VERSION = 5.0;
				TARGETED_DEVICE_FAMILY = "1,2";
				TEST_HOST = "$(BUILT_PRODUCTS_DIR)/TableViewHW.app/$(BUNDLE_EXECUTABLE_FOLDER_PATH)/TableViewHW";
			};
			name = Debug;
		};
		02EE381E2995C6C70080C44E /* Release */ = {
			isa = XCBuildConfiguration;
			buildSettings = {
				ALWAYS_EMBED_SWIFT_STANDARD_LIBRARIES = YES;
				BUNDLE_LOADER = "$(TEST_HOST)";
				CODE_SIGN_STYLE = Automatic;
				CURRENT_PROJECT_VERSION = 1;
				DEVELOPMENT_TEAM = LY52JA5JFF;
				GENERATE_INFOPLIST_FILE = YES;
				IPHONEOS_DEPLOYMENT_TARGET = 16.2;
				MARKETING_VERSION = 1.0;
				PRODUCT_BUNDLE_IDENTIFIER = com.AlexanderAdegbenro.TableViewHWTests;
				PRODUCT_NAME = "$(TARGET_NAME)";
				SWIFT_EMIT_LOC_STRINGS = NO;
				SWIFT_VERSION = 5.0;
				TARGETED_DEVICE_FAMILY = "1,2";
				TEST_HOST = "$(BUILT_PRODUCTS_DIR)/TableViewHW.app/$(BUNDLE_EXECUTABLE_FOLDER_PATH)/TableViewHW";
			};
			name = Release;
		};
		02EE38202995C6C70080C44E /* Debug */ = {
			isa = XCBuildConfiguration;
			buildSettings = {
				ALWAYS_EMBED_SWIFT_STANDARD_LIBRARIES = YES;
				CODE_SIGN_STYLE = Automatic;
				CURRENT_PROJECT_VERSION = 1;
				DEVELOPMENT_TEAM = LY52JA5JFF;
				GENERATE_INFOPLIST_FILE = YES;
				MARKETING_VERSION = 1.0;
				PRODUCT_BUNDLE_IDENTIFIER = com.AlexanderAdegbenro.TableViewHWUITests;
				PRODUCT_NAME = "$(TARGET_NAME)";
				SWIFT_EMIT_LOC_STRINGS = NO;
				SWIFT_VERSION = 5.0;
				TARGETED_DEVICE_FAMILY = "1,2";
				TEST_TARGET_NAME = TableViewHW;
			};
			name = Debug;
		};
		02EE38212995C6C70080C44E /* Release */ = {
			isa = XCBuildConfiguration;
			buildSettings = {
				ALWAYS_EMBED_SWIFT_STANDARD_LIBRARIES = YES;
				CODE_SIGN_STYLE = Automatic;
				CURRENT_PROJECT_VERSION = 1;
				DEVELOPMENT_TEAM = LY52JA5JFF;
				GENERATE_INFOPLIST_FILE = YES;
				MARKETING_VERSION = 1.0;
				PRODUCT_BUNDLE_IDENTIFIER = com.AlexanderAdegbenro.TableViewHWUITests;
				PRODUCT_NAME = "$(TARGET_NAME)";
				SWIFT_EMIT_LOC_STRINGS = NO;
				SWIFT_VERSION = 5.0;
				TARGETED_DEVICE_FAMILY = "1,2";
				TEST_TARGET_NAME = TableViewHW;
			};
			name = Release;
		};
/* End XCBuildConfiguration section */

/* Begin XCConfigurationList section */
		02EE37EA2995C6C20080C44E /* Build configuration list for PBXProject "TableViewHW" */ = {
			isa = XCConfigurationList;
			buildConfigurations = (
				02EE38172995C6C70080C44E /* Debug */,
				02EE38182995C6C70080C44E /* Release */,
			);
			defaultConfigurationIsVisible = 0;
			defaultConfigurationName = Release;
		};
		02EE38192995C6C70080C44E /* Build configuration list for PBXNativeTarget "TableViewHW" */ = {
			isa = XCConfigurationList;
			buildConfigurations = (
				02EE381A2995C6C70080C44E /* Debug */,
				02EE381B2995C6C70080C44E /* Release */,
			);
			defaultConfigurationIsVisible = 0;
			defaultConfigurationName = Release;
		};
		02EE381C2995C6C70080C44E /* Build configuration list for PBXNativeTarget "TableViewHWTests" */ = {
			isa = XCConfigurationList;
			buildConfigurations = (
				02EE381D2995C6C70080C44E /* Debug */,
				02EE381E2995C6C70080C44E /* Release */,
			);
			defaultConfigurationIsVisible = 0;
			defaultConfigurationName = Release;
		};
		02EE381F2995C6C70080C44E /* Build configuration list for PBXNativeTarget "TableViewHWUITests" */ = {
			isa = XCConfigurationList;
			buildConfigurations = (
				02EE38202995C6C70080C44E /* Debug */,
				02EE38212995C6C70080C44E /* Release */,
			);
			defaultConfigurationIsVisible = 0;
			defaultConfigurationName = Release;
		};
/* End XCConfigurationList section */
	};
	rootObject = 02EE37E72995C6C20080C44E /* Project object */;
}
